{
  "name": "unleashdevices-template",
  "version": "1.0.0",
  "lockfileVersion": 1,
  "requires": true,
  "dependencies": {
    "concurrently": {
      "version": "3.4.0",
      "resolved": "https://registry.npmjs.org/concurrently/-/concurrently-3.4.0.tgz",
      "integrity": "sha1-YGYrPe/eBzdbrhmqwKt4DsdIunk=",
      "dev": true
    },
    "grunt": {
      "version": "1.0.1",
      "resolved": "https://registry.npmjs.org/grunt/-/grunt-1.0.1.tgz",
      "integrity": "sha1-6HeHZOlEsY8yuw8QuQeEdcnftWs=",
      "dev": true,
      "dependencies": {
        "grunt-cli": {
          "version": "1.2.0",
          "resolved": "https://registry.npmjs.org/grunt-cli/-/grunt-cli-1.2.0.tgz",
          "integrity": "sha1-VisRnrsGndtGSs4oRVAb6Xs1tqg="
        }
      }
    },
    "grunt-contrib-concat": {
      "version": "1.0.1",
      "resolved": "https://registry.npmjs.org/grunt-contrib-concat/-/grunt-contrib-concat-1.0.1.tgz",
      "integrity": "sha1-YVCYYwhOhx1+ht5IwBUlntl3Rb0=",
      "dev": true,
      "dependencies": {
        "ansi-regex": {
          "version": "2.1.1",
          "resolved": "https://registry.npmjs.org/ansi-regex/-/ansi-regex-2.1.1.tgz",
          "integrity": "sha1-w7M6te42DYbg5ijwRorn7yfWVN8="
        },
        "ansi-styles": {
          "version": "2.2.1",
          "resolved": "https://registry.npmjs.org/ansi-styles/-/ansi-styles-2.2.1.tgz",
          "integrity": "sha1-tDLdM1i2NM914eRmQ2gkBTPB3b4="
        },
        "chalk": {
          "version": "1.1.3",
          "resolved": "https://registry.npmjs.org/chalk/-/chalk-1.1.3.tgz",
          "integrity": "sha1-qBFcVeSnAv5NFQq9OHKCKn4J/Jg="
        },
        "has-ansi": {
          "version": "2.0.0",
          "resolved": "https://registry.npmjs.org/has-ansi/-/has-ansi-2.0.0.tgz",
          "integrity": "sha1-NPUEnOHs3ysGSa8+8k5F7TVBbZE="
        },
        "strip-ansi": {
          "version": "3.0.1",
          "resolved": "https://registry.npmjs.org/strip-ansi/-/strip-ansi-3.0.1.tgz",
          "integrity": "sha1-ajhfuIU9lS1f8F0Oiq+UJ43GPc8="
        },
        "supports-color": {
          "version": "2.0.0",
          "resolved": "https://registry.npmjs.org/supports-color/-/supports-color-2.0.0.tgz",
          "integrity": "sha1-U10EXOa2Nj+kARcIRimZXp3zJMc="
        }
      }
    },
    "grunt-contrib-pug": {
      "version": "1.0.0",
      "resolved": "https://registry.npmjs.org/grunt-contrib-pug/-/grunt-contrib-pug-1.0.0.tgz",
      "integrity": "sha1-tSWlwK/wRiL3Vw4x+SQQbxb4G0Y=",
      "dev": true,
      "dependencies": {
        "ansi-regex": {
          "version": "2.1.1",
          "resolved": "https://registry.npmjs.org/ansi-regex/-/ansi-regex-2.1.1.tgz",
          "integrity": "sha1-w7M6te42DYbg5ijwRorn7yfWVN8="
        },
        "ansi-styles": {
          "version": "2.2.1",
          "resolved": "https://registry.npmjs.org/ansi-styles/-/ansi-styles-2.2.1.tgz",
          "integrity": "sha1-tDLdM1i2NM914eRmQ2gkBTPB3b4="
        },
        "chalk": {
          "version": "1.1.3",
          "resolved": "https://registry.npmjs.org/chalk/-/chalk-1.1.3.tgz",
          "integrity": "sha1-qBFcVeSnAv5NFQq9OHKCKn4J/Jg="
        },
        "has-ansi": {
          "version": "2.0.0",
          "resolved": "https://registry.npmjs.org/has-ansi/-/has-ansi-2.0.0.tgz",
          "integrity": "sha1-NPUEnOHs3ysGSa8+8k5F7TVBbZE="
        },
        "strip-ansi": {
          "version": "3.0.1",
          "resolved": "https://registry.npmjs.org/strip-ansi/-/strip-ansi-3.0.1.tgz",
          "integrity": "sha1-ajhfuIU9lS1f8F0Oiq+UJ43GPc8="
        },
        "supports-color": {
          "version": "2.0.0",
          "resolved": "https://registry.npmjs.org/supports-color/-/supports-color-2.0.0.tgz",
          "integrity": "sha1-U10EXOa2Nj+kARcIRimZXp3zJMc="
        }
      }
    },
    "grunt-contrib-sass": {
      "version": "1.0.0",
      "resolved": "https://registry.npmjs.org/grunt-contrib-sass/-/grunt-contrib-sass-1.0.0.tgz",
      "integrity": "sha1-gGg4JRy8DhqU1k1RXN00z2dNcBs=",
      "dev": true,
      "dependencies": {
        "ansi-regex": {
          "version": "2.1.1",
          "resolved": "https://registry.npmjs.org/ansi-regex/-/ansi-regex-2.1.1.tgz",
          "integrity": "sha1-w7M6te42DYbg5ijwRorn7yfWVN8="
        },
        "ansi-styles": {
          "version": "2.2.1",
          "resolved": "https://registry.npmjs.org/ansi-styles/-/ansi-styles-2.2.1.tgz",
          "integrity": "sha1-tDLdM1i2NM914eRmQ2gkBTPB3b4="
        },
        "async": {
          "version": "0.9.2",
          "resolved": "https://registry.npmjs.org/async/-/async-0.9.2.tgz",
          "integrity": "sha1-rqdNXmHB+JlhO/ZL2mbUx48v0X0="
        },
        "chalk": {
          "version": "1.1.3",
          "resolved": "https://registry.npmjs.org/chalk/-/chalk-1.1.3.tgz",
          "integrity": "sha1-qBFcVeSnAv5NFQq9OHKCKn4J/Jg="
        },
        "has-ansi": {
          "version": "2.0.0",
          "resolved": "https://registry.npmjs.org/has-ansi/-/has-ansi-2.0.0.tgz",
          "integrity": "sha1-NPUEnOHs3ysGSa8+8k5F7TVBbZE="
        },
        "strip-ansi": {
          "version": "3.0.1",
          "resolved": "https://registry.npmjs.org/strip-ansi/-/strip-ansi-3.0.1.tgz",
          "integrity": "sha1-ajhfuIU9lS1f8F0Oiq+UJ43GPc8="
        },
        "supports-color": {
          "version": "2.0.0",
          "resolved": "https://registry.npmjs.org/supports-color/-/supports-color-2.0.0.tgz",
          "integrity": "sha1-U10EXOa2Nj+kARcIRimZXp3zJMc="
        }
      }
    },
    "grunt-contrib-uglify": {
      "version": "2.3.0",
      "resolved": "https://registry.npmjs.org/grunt-contrib-uglify/-/grunt-contrib-uglify-2.3.0.tgz",
      "integrity": "sha1-s9AmDr3WzvoS/y+Onh4ln33kIW8=",
      "dev": true,
      "dependencies": {
        "ansi-regex": {
          "version": "2.1.1",
          "resolved": "https://registry.npmjs.org/ansi-regex/-/ansi-regex-2.1.1.tgz",
          "integrity": "sha1-w7M6te42DYbg5ijwRorn7yfWVN8="
        },
        "ansi-styles": {
          "version": "2.2.1",
          "resolved": "https://registry.npmjs.org/ansi-styles/-/ansi-styles-2.2.1.tgz",
          "integrity": "sha1-tDLdM1i2NM914eRmQ2gkBTPB3b4="
        },
        "chalk": {
          "version": "1.1.3",
          "resolved": "https://registry.npmjs.org/chalk/-/chalk-1.1.3.tgz",
          "integrity": "sha1-qBFcVeSnAv5NFQq9OHKCKn4J/Jg="
        },
        "has-ansi": {
          "version": "2.0.0",
          "resolved": "https://registry.npmjs.org/has-ansi/-/has-ansi-2.0.0.tgz",
          "integrity": "sha1-NPUEnOHs3ysGSa8+8k5F7TVBbZE="
        },
        "strip-ansi": {
          "version": "3.0.1",
          "resolved": "https://registry.npmjs.org/strip-ansi/-/strip-ansi-3.0.1.tgz",
          "integrity": "sha1-ajhfuIU9lS1f8F0Oiq+UJ43GPc8="
        },
        "supports-color": {
          "version": "2.0.0",
          "resolved": "https://registry.npmjs.org/supports-color/-/supports-color-2.0.0.tgz",
          "integrity": "sha1-U10EXOa2Nj+kARcIRimZXp3zJMc="
        }
      }
    },
    "grunt-contrib-watch": {
      "version": "1.0.0",
      "resolved": "https://registry.npmjs.org/grunt-contrib-watch/-/grunt-contrib-watch-1.0.0.tgz",
      "integrity": "sha1-hKGnodar0m7VaEE0lscxM+mQAY8=",
      "dev": true,
      "dependencies": {
        "lodash": {
          "version": "3.10.1",
          "resolved": "https://registry.npmjs.org/lodash/-/lodash-3.10.1.tgz",
          "integrity": "sha1-W/Rejkm6QYnhfUgnid/RW9FAt7Y="
        }
      }
    },
    "grunt-image": {
      "version": "2.4.0",
      "resolved": "https://registry.npmjs.org/grunt-image/-/grunt-image-2.4.0.tgz",
      "integrity": "sha1-sux612hq89VOw/j3ZBFHhETW4gQ=",
      "dev": true,
      "dependencies": {
        "ansi-regex": {
          "version": "2.1.1",
          "resolved": "https://registry.npmjs.org/ansi-regex/-/ansi-regex-2.1.1.tgz",
          "integrity": "sha1-w7M6te42DYbg5ijwRorn7yfWVN8="
        },
        "ansi-styles": {
          "version": "2.2.1",
          "resolved": "https://registry.npmjs.org/ansi-styles/-/ansi-styles-2.2.1.tgz",
          "integrity": "sha1-tDLdM1i2NM914eRmQ2gkBTPB3b4="
        },
        "chalk": {
          "version": "1.1.3",
          "resolved": "https://registry.npmjs.org/chalk/-/chalk-1.1.3.tgz",
          "integrity": "sha1-qBFcVeSnAv5NFQq9OHKCKn4J/Jg="
        },
        "has-ansi": {
          "version": "2.0.0",
          "resolved": "https://registry.npmjs.org/has-ansi/-/has-ansi-2.0.0.tgz",
          "integrity": "sha1-NPUEnOHs3ysGSa8+8k5F7TVBbZE="
        },
        "strip-ansi": {
          "version": "3.0.1",
          "resolved": "https://registry.npmjs.org/strip-ansi/-/strip-ansi-3.0.1.tgz",
          "integrity": "sha1-ajhfuIU9lS1f8F0Oiq+UJ43GPc8="
        },
        "supports-color": {
          "version": "2.0.0",
          "resolved": "https://registry.npmjs.org/supports-color/-/supports-color-2.0.0.tgz",
          "integrity": "sha1-U10EXOa2Nj+kARcIRimZXp3zJMc="
        }
      }
    },
    "lite-server": {
      "version": "2.3.0",
      "resolved": "https://registry.npmjs.org/lite-server/-/lite-server-2.3.0.tgz",
      "integrity": "sha1-W0zI9dX9SDYQVICrKsSKOg3isMg=",
      "dev": true
    },
    "load-grunt-tasks": {
      "version": "3.5.2",
      "resolved": "https://registry.npmjs.org/load-grunt-tasks/-/load-grunt-tasks-3.5.2.tgz",
      "integrity": "sha1-ByhWEYD9IP+KaSdQWFL8WKrqDIg=",
      "dev": true
    }
  }
}
